
Microsoft Visual Studio Solution File, Format Version 12.00
# Visual Studio Version 16
VisualStudioVersion = 16.0.29613.14
MinimumVisualStudioVersion = 10.0.40219.1
Project("{9A19103F-16F7-4668-BE54-9A1E7A4F7556}") = "Source.net.api", "Source.net.api\Source.net.api.csproj", "{37604CD7-6EF2-48DE-8565-0D0AAAD6B92E}"
EndProject
Project("{9A19103F-16F7-4668-BE54-9A1E7A4F7556}") = "Source.net.services", "Source.net.services\Source.net.services.csproj", "{550D1AA2-5A20-4758-ABB9-7AE301F35A91}"
EndProject
Project("{FAE04EC0-301F-11D3-BF4B-00C04F79EFBC}") = "Source.net.desktop", "Source.net.desktop\Source.net.desktop.csproj", "{F9BA385B-E4E7-4A77-A650-8A7583488EB3}"
EndProject
Project("{9A19103F-16F7-4668-BE54-9A1E7A4F7556}") = "Source.net.infrastructure", "Source.net.infrastructure\Source.net.infrastructure.csproj", "{CD596019-BB4D-47A7-8711-3B79F3945D9A}"
EndProject
Project("{FAE04EC0-301F-11D3-BF4B-00C04F79EFBC}") = "Source.net.mobile.UWP", "Source.net.mobile\Source.net.mobile.UWP\Source.net.mobile.UWP.csproj", "{AE4E6958-A7AF-4329-96FA-E751152E8AFB}"
EndProject
Project("{FAE04EC0-301F-11D3-BF4B-00C04F79EFBC}") = "Source.net.mobile.Android", "Source.net.mobile\Source.net.mobile.Android\Source.net.mobile.Android.csproj", "{3235678A-624C-40A7-9AF8-CB2B4CD46CEA}"
EndProject
Project("{FAE04EC0-301F-11D3-BF4B-00C04F79EFBC}") = "Source.net.mobile.iOS", "Source.net.mobile\Source.net.mobile.iOS\Source.net.mobile.iOS.csproj", "{1D3F1B83-A09B-49E8-B417-ECF778910F3B}"
EndProject
Project("{FAE04EC0-301F-11D3-BF4B-00C04F79EFBC}") = "Source.net.mobile", "Source.net.mobile\Source.net.mobile\Source.net.mobile.csproj", "{16848A00-F7D3-4328-B74F-0C1948406B4E}"
EndProject
Global
	GlobalSection(SolutionConfigurationPlatforms) = preSolution
		Debug|Any CPU = Debug|Any CPU
		Debug|ARM = Debug|ARM
		Debug|iPhone = Debug|iPhone
		Debug|iPhoneSimulator = Debug|iPhoneSimulator
		Debug|x64 = Debug|x64
		Debug|x86 = Debug|x86
		Release|Any CPU = Release|Any CPU
		Release|ARM = Release|ARM
		Release|iPhone = Release|iPhone
		Release|iPhoneSimulator = Release|iPhoneSimulator
		Release|x64 = Release|x64
		Release|x86 = Release|x86
	EndGlobalSection
	GlobalSection(ProjectConfigurationPlatforms) = postSolution
		{37604CD7-6EF2-48DE-8565-0D0AAAD6B92E}.Debug|Any CPU.ActiveCfg = Debug|Any CPU
		{37604CD7-6EF2-48DE-8565-0D0AAAD6B92E}.Debug|Any CPU.Build.0 = Debug|Any CPU
		{37604CD7-6EF2-48DE-8565-0D0AAAD6B92E}.Debug|ARM.ActiveCfg = Debug|Any CPU
		{37604CD7-6EF2-48DE-8565-0D0AAAD6B92E}.Debug|ARM.Build.0 = Debug|Any CPU
		{37604CD7-6EF2-48DE-8565-0D0AAAD6B92E}.Debug|iPhone.ActiveCfg = Debug|Any CPU
		{37604CD7-6EF2-48DE-8565-0D0AAAD6B92E}.Debug|iPhone.Build.0 = Debug|Any CPU
		{37604CD7-6EF2-48DE-8565-0D0AAAD6B92E}.Debug|iPhoneSimulator.ActiveCfg = Debug|Any CPU
		{37604CD7-6EF2-48DE-8565-0D0AAAD6B92E}.Debug|iPhoneSimulator.Build.0 = Debug|Any CPU
		{37604CD7-6EF2-48DE-8565-0D0AAAD6B92E}.Debug|x64.ActiveCfg = Debug|Any CPU
		{37604CD7-6EF2-48DE-8565-0D0AAAD6B92E}.Debug|x64.Build.0 = Debug|Any CPU
		{37604CD7-6EF2-48DE-8565-0D0AAAD6B92E}.Debug|x86.ActiveCfg = Debug|Any CPU
		{37604CD7-6EF2-48DE-8565-0D0AAAD6B92E}.Debug|x86.Build.0 = Debug|Any CPU
		{37604CD7-6EF2-48DE-8565-0D0AAAD6B92E}.Release|Any CPU.ActiveCfg = Release|Any CPU
		{37604CD7-6EF2-48DE-8565-0D0AAAD6B92E}.Release|Any CPU.Build.0 = Release|Any CPU
		{37604CD7-6EF2-48DE-8565-0D0AAAD6B92E}.Release|ARM.ActiveCfg = Release|Any CPU
		{37604CD7-6EF2-48DE-8565-0D0AAAD6B92E}.Release|ARM.Build.0 = Release|Any CPU
		{37604CD7-6EF2-48DE-8565-0D0AAAD6B92E}.Release|iPhone.ActiveCfg = Release|Any CPU
		{37604CD7-6EF2-48DE-8565-0D0AAAD6B92E}.Release|iPhone.Build.0 = Release|Any CPU
		{37604CD7-6EF2-48DE-8565-0D0AAAD6B92E}.Release|iPhoneSimulator.ActiveCfg = Release|Any CPU
		{37604CD7-6EF2-48DE-8565-0D0AAAD6B92E}.Release|iPhoneSimulator.Build.0 = Release|Any CPU
		{37604CD7-6EF2-48DE-8565-0D0AAAD6B92E}.Release|x64.ActiveCfg = Release|Any CPU
		{37604CD7-6EF2-48DE-8565-0D0AAAD6B92E}.Release|x64.Build.0 = Release|Any CPU
		{37604CD7-6EF2-48DE-8565-0D0AAAD6B92E}.Release|x86.ActiveCfg = Release|Any CPU
		{37604CD7-6EF2-48DE-8565-0D0AAAD6B92E}.Release|x86.Build.0 = Release|Any CPU
		{550D1AA2-5A20-4758-ABB9-7AE301F35A91}.Debug|Any CPU.ActiveCfg = Debug|Any CPU
		{550D1AA2-5A20-4758-ABB9-7AE301F35A91}.Debug|Any CPU.Build.0 = Debug|Any CPU
		{550D1AA2-5A20-4758-ABB9-7AE301F35A91}.Debug|ARM.ActiveCfg = Debug|Any CPU
		{550D1AA2-5A20-4758-ABB9-7AE301F35A91}.Debug|ARM.Build.0 = Debug|Any CPU
		{550D1AA2-5A20-4758-ABB9-7AE301F35A91}.Debug|iPhone.ActiveCfg = Debug|Any CPU
		{550D1AA2-5A20-4758-ABB9-7AE301F35A91}.Debug|iPhone.Build.0 = Debug|Any CPU
		{550D1AA2-5A20-4758-ABB9-7AE301F35A91}.Debug|iPhoneSimulator.ActiveCfg = Debug|Any CPU
		{550D1AA2-5A20-4758-ABB9-7AE301F35A91}.Debug|iPhoneSimulator.Build.0 = Debug|Any CPU
		{550D1AA2-5A20-4758-ABB9-7AE301F35A91}.Debug|x64.ActiveCfg = Debug|Any CPU
		{550D1AA2-5A20-4758-ABB9-7AE301F35A91}.Debug|x64.Build.0 = Debug|Any CPU
		{550D1AA2-5A20-4758-ABB9-7AE301F35A91}.Debug|x86.ActiveCfg = Debug|Any CPU
		{550D1AA2-5A20-4758-ABB9-7AE301F35A91}.Debug|x86.Build.0 = Debug|Any CPU
		{550D1AA2-5A20-4758-ABB9-7AE301F35A91}.Release|Any CPU.ActiveCfg = Release|Any CPU
		{550D1AA2-5A20-4758-ABB9-7AE301F35A91}.Release|Any CPU.Build.0 = Release|Any CPU
		{550D1AA2-5A20-4758-ABB9-7AE301F35A91}.Release|ARM.ActiveCfg = Release|Any CPU
		{550D1AA2-5A20-4758-ABB9-7AE301F35A91}.Release|ARM.Build.0 = Release|Any CPU
		{550D1AA2-5A20-4758-ABB9-7AE301F35A91}.Release|iPhone.ActiveCfg = Release|Any CPU
		{550D1AA2-5A20-4758-ABB9-7AE301F35A91}.Release|iPhone.Build.0 = Release|Any CPU
		{550D1AA2-5A20-4758-ABB9-7AE301F35A91}.Release|iPhoneSimulator.ActiveCfg = Release|Any CPU
		{550D1AA2-5A20-4758-ABB9-7AE301F35A91}.Release|iPhoneSimulator.Build.0 = Release|Any CPU
		{550D1AA2-5A20-4758-ABB9-7AE301F35A91}.Release|x64.ActiveCfg = Release|Any CPU
		{550D1AA2-5A20-4758-ABB9-7AE301F35A91}.Release|x64.Build.0 = Release|Any CPU
		{550D1AA2-5A20-4758-ABB9-7AE301F35A91}.Release|x86.ActiveCfg = Release|Any CPU
		{550D1AA2-5A20-4758-ABB9-7AE301F35A91}.Release|x86.Build.0 = Release|Any CPU
		{F9BA385B-E4E7-4A77-A650-8A7583488EB3}.Debug|Any CPU.ActiveCfg = Debug|Any CPU
		{F9BA385B-E4E7-4A77-A650-8A7583488EB3}.Debug|Any CPU.Build.0 = Debug|Any CPU
		{F9BA385B-E4E7-4A77-A650-8A7583488EB3}.Debug|ARM.ActiveCfg = Debug|Any CPU
		{F9BA385B-E4E7-4A77-A650-8A7583488EB3}.Debug|ARM.Build.0 = Debug|Any CPU
		{F9BA385B-E4E7-4A77-A650-8A7583488EB3}.Debug|iPhone.ActiveCfg = Debug|Any CPU
		{F9BA385B-E4E7-4A77-A650-8A7583488EB3}.Debug|iPhone.Build.0 = Debug|Any CPU
		{F9BA385B-E4E7-4A77-A650-8A7583488EB3}.Debug|iPhoneSimulator.ActiveCfg = Debug|Any CPU
		{F9BA385B-E4E7-4A77-A650-8A7583488EB3}.Debug|iPhoneSimulator.Build.0 = Debug|Any CPU
		{F9BA385B-E4E7-4A77-A650-8A7583488EB3}.Debug|x64.ActiveCfg = Debug|Any CPU
		{F9BA385B-E4E7-4A77-A650-8A7583488EB3}.Debug|x64.Build.0 = Debug|Any CPU
		{F9BA385B-E4E7-4A77-A650-8A7583488EB3}.Debug|x86.ActiveCfg = Debug|Any CPU
		{F9BA385B-E4E7-4A77-A650-8A7583488EB3}.Debug|x86.Build.0 = Debug|Any CPU
		{F9BA385B-E4E7-4A77-A650-8A7583488EB3}.Release|Any CPU.ActiveCfg = Release|Any CPU
		{F9BA385B-E4E7-4A77-A650-8A7583488EB3}.Release|Any CPU.Build.0 = Release|Any CPU
		{F9BA385B-E4E7-4A77-A650-8A7583488EB3}.Release|ARM.ActiveCfg = Release|Any CPU
		{F9BA385B-E4E7-4A77-A650-8A7583488EB3}.Release|ARM.Build.0 = Release|Any CPU
		{F9BA385B-E4E7-4A77-A650-8A7583488EB3}.Release|iPhone.ActiveCfg = Release|Any CPU
		{F9BA385B-E4E7-4A77-A650-8A7583488EB3}.Release|iPhone.Build.0 = Release|Any CPU
		{F9BA385B-E4E7-4A77-A650-8A7583488EB3}.Release|iPhoneSimulator.ActiveCfg = Release|Any CPU
		{F9BA385B-E4E7-4A77-A650-8A7583488EB3}.Release|iPhoneSimulator.Build.0 = Release|Any CPU
		{F9BA385B-E4E7-4A77-A650-8A7583488EB3}.Release|x64.ActiveCfg = Release|Any CPU
		{F9BA385B-E4E7-4A77-A650-8A7583488EB3}.Release|x64.Build.0 = Release|Any CPU
		{F9BA385B-E4E7-4A77-A650-8A7583488EB3}.Release|x86.ActiveCfg = Release|Any CPU
		{F9BA385B-E4E7-4A77-A650-8A7583488EB3}.Release|x86.Build.0 = Release|Any CPU
		{CD596019-BB4D-47A7-8711-3B79F3945D9A}.Debug|Any CPU.ActiveCfg = Debug|Any CPU
		{CD596019-BB4D-47A7-8711-3B79F3945D9A}.Debug|Any CPU.Build.0 = Debug|Any CPU
		{CD596019-BB4D-47A7-8711-3B79F3945D9A}.Debug|ARM.ActiveCfg = Debug|Any CPU
		{CD596019-BB4D-47A7-8711-3B79F3945D9A}.Debug|ARM.Build.0 = Debug|Any CPU
		{CD596019-BB4D-47A7-8711-3B79F3945D9A}.Debug|iPhone.ActiveCfg = Debug|Any CPU
		{CD596019-BB4D-47A7-8711-3B79F3945D9A}.Debug|iPhone.Build.0 = Debug|Any CPU
		{CD596019-BB4D-47A7-8711-3B79F3945D9A}.Debug|iPhoneSimulator.ActiveCfg = Debug|Any CPU
		{CD596019-BB4D-47A7-8711-3B79F3945D9A}.Debug|iPhoneSimulator.Build.0 = Debug|Any CPU
		{CD596019-BB4D-47A7-8711-3B79F3945D9A}.Debug|x64.ActiveCfg = Debug|Any CPU
		{CD596019-BB4D-47A7-8711-3B79F3945D9A}.Debug|x64.Build.0 = Debug|Any CPU
		{CD596019-BB4D-47A7-8711-3B79F3945D9A}.Debug|x86.ActiveCfg = Debug|Any CPU
		{CD596019-BB4D-47A7-8711-3B79F3945D9A}.Debug|x86.Build.0 = Debug|Any CPU
		{CD596019-BB4D-47A7-8711-3B79F3945D9A}.Release|Any CPU.ActiveCfg = Release|Any CPU
		{CD596019-BB4D-47A7-8711-3B79F3945D9A}.Release|Any CPU.Build.0 = Release|Any CPU
		{CD596019-BB4D-47A7-8711-3B79F3945D9A}.Release|ARM.ActiveCfg = Release|Any CPU
		{CD596019-BB4D-47A7-8711-3B79F3945D9A}.Release|ARM.Build.0 = Release|Any CPU
		{CD596019-BB4D-47A7-8711-3B79F3945D9A}.Release|iPhone.ActiveCfg = Release|Any CPU
		{CD596019-BB4D-47A7-8711-3B79F3945D9A}.Release|iPhone.Build.0 = Release|Any CPU
		{CD596019-BB4D-47A7-8711-3B79F3945D9A}.Release|iPhoneSimulator.ActiveCfg = Release|Any CPU
		{CD596019-BB4D-47A7-8711-3B79F3945D9A}.Release|iPhoneSimulator.Build.0 = Release|Any CPU
		{CD596019-BB4D-47A7-8711-3B79F3945D9A}.Release|x64.ActiveCfg = Release|Any CPU
		{CD596019-BB4D-47A7-8711-3B79F3945D9A}.Release|x64.Build.0 = Release|Any CPU
		{CD596019-BB4D-47A7-8711-3B79F3945D9A}.Release|x86.ActiveCfg = Release|Any CPU
		{CD596019-BB4D-47A7-8711-3B79F3945D9A}.Release|x86.Build.0 = Release|Any CPU
		{AE4E6958-A7AF-4329-96FA-E751152E8AFB}.Debug|Any CPU.ActiveCfg = Debug|x86
		{AE4E6958-A7AF-4329-96FA-E751152E8AFB}.Debug|ARM.ActiveCfg = Debug|ARM
		{AE4E6958-A7AF-4329-96FA-E751152E8AFB}.Debug|ARM.Build.0 = Debug|ARM
		{AE4E6958-A7AF-4329-96FA-E751152E8AFB}.Debug|ARM.Deploy.0 = Debug|ARM
		{AE4E6958-A7AF-4329-96FA-E751152E8AFB}.Debug|iPhone.ActiveCfg = Debug|x86
		{AE4E6958-A7AF-4329-96FA-E751152E8AFB}.Debug|iPhoneSimulator.ActiveCfg = Debug|x86
		{AE4E6958-A7AF-4329-96FA-E751152E8AFB}.Debug|x64.ActiveCfg = Debug|x64
		{AE4E6958-A7AF-4329-96FA-E751152E8AFB}.Debug|x64.Build.0 = Debug|x64
		{AE4E6958-A7AF-4329-96FA-E751152E8AFB}.Debug|x64.Deploy.0 = Debug|x64
		{AE4E6958-A7AF-4329-96FA-E751152E8AFB}.Debug|x86.ActiveCfg = Debug|x86
		{AE4E6958-A7AF-4329-96FA-E751152E8AFB}.Debug|x86.Build.0 = Debug|x86
		{AE4E6958-A7AF-4329-96FA-E751152E8AFB}.Debug|x86.Deploy.0 = Debug|x86
		{AE4E6958-A7AF-4329-96FA-E751152E8AFB}.Release|Any CPU.ActiveCfg = Release|x86
		{AE4E6958-A7AF-4329-96FA-E751152E8AFB}.Release|ARM.ActiveCfg = Release|ARM
		{AE4E6958-A7AF-4329-96FA-E751152E8AFB}.Release|ARM.Build.0 = Release|ARM
		{AE4E6958-A7AF-4329-96FA-E751152E8AFB}.Release|ARM.Deploy.0 = Release|ARM
		{AE4E6958-A7AF-4329-96FA-E751152E8AFB}.Release|iPhone.ActiveCfg = Release|x86
		{AE4E6958-A7AF-4329-96FA-E751152E8AFB}.Release|iPhoneSimulator.ActiveCfg = Release|x86
		{AE4E6958-A7AF-4329-96FA-E751152E8AFB}.Release|x64.ActiveCfg = Release|x64
		{AE4E6958-A7AF-4329-96FA-E751152E8AFB}.Release|x64.Build.0 = Release|x64
		{AE4E6958-A7AF-4329-96FA-E751152E8AFB}.Release|x64.Deploy.0 = Release|x64
		{AE4E6958-A7AF-4329-96FA-E751152E8AFB}.Release|x86.ActiveCfg = Release|x86
		{AE4E6958-A7AF-4329-96FA-E751152E8AFB}.Release|x86.Build.0 = Release|x86
		{AE4E6958-A7AF-4329-96FA-E751152E8AFB}.Release|x86.Deploy.0 = Release|x86
		{3235678A-624C-40A7-9AF8-CB2B4CD46CEA}.Debug|Any CPU.ActiveCfg = Debug|Any CPU
		{3235678A-624C-40A7-9AF8-CB2B4CD46CEA}.Debug|Any CPU.Build.0 = Debug|Any CPU
		{3235678A-624C-40A7-9AF8-CB2B4CD46CEA}.Debug|Any CPU.Deploy.0 = Debug|Any CPU
		{3235678A-624C-40A7-9AF8-CB2B4CD46CEA}.Debug|ARM.ActiveCfg = Debug|Any CPU
		{3235678A-624C-40A7-9AF8-CB2B4CD46CEA}.Debug|ARM.Build.0 = Debug|Any CPU
		{3235678A-624C-40A7-9AF8-CB2B4CD46CEA}.Debug|ARM.Deploy.0 = Debug|Any CPU
		{3235678A-624C-40A7-9AF8-CB2B4CD46CEA}.Debug|iPhone.ActiveCfg = Debug|Any CPU
		{3235678A-624C-40A7-9AF8-CB2B4CD46CEA}.Debug|iPhone.Build.0 = Debug|Any CPU
		{3235678A-624C-40A7-9AF8-CB2B4CD46CEA}.Debug|iPhone.Deploy.0 = Debug|Any CPU
		{3235678A-624C-40A7-9AF8-CB2B4CD46CEA}.Debug|iPhoneSimulator.ActiveCfg = Debug|Any CPU
		{3235678A-624C-40A7-9AF8-CB2B4CD46CEA}.Debug|iPhoneSimulator.Build.0 = Debug|Any CPU
		{3235678A-624C-40A7-9AF8-CB2B4CD46CEA}.Debug|iPhoneSimulator.Deploy.0 = Debug|Any CPU
		{3235678A-624C-40A7-9AF8-CB2B4CD46CEA}.Debug|x64.ActiveCfg = Debug|Any CPU
		{3235678A-624C-40A7-9AF8-CB2B4CD46CEA}.Debug|x64.Build.0 = Debug|Any CPU
		{3235678A-624C-40A7-9AF8-CB2B4CD46CEA}.Debug|x64.Deploy.0 = Debug|Any CPU
		{3235678A-624C-40A7-9AF8-CB2B4CD46CEA}.Debug|x86.ActiveCfg = Debug|Any CPU
		{3235678A-624C-40A7-9AF8-CB2B4CD46CEA}.Debug|x86.Build.0 = Debug|Any CPU
		{3235678A-624C-40A7-9AF8-CB2B4CD46CEA}.Debug|x86.Deploy.0 = Debug|Any CPU
		{3235678A-624C-40A7-9AF8-CB2B4CD46CEA}.Release|Any CPU.ActiveCfg = Release|Any CPU
		{3235678A-624C-40A7-9AF8-CB2B4CD46CEA}.Release|Any CPU.Build.0 = Release|Any CPU
		{3235678A-624C-40A7-9AF8-CB2B4CD46CEA}.Release|Any CPU.Deploy.0 = Release|Any CPU
		{3235678A-624C-40A7-9AF8-CB2B4CD46CEA}.Release|ARM.ActiveCfg = Release|Any CPU
		{3235678A-624C-40A7-9AF8-CB2B4CD46CEA}.Release|ARM.Build.0 = Release|Any CPU
		{3235678A-624C-40A7-9AF8-CB2B4CD46CEA}.Release|ARM.Deploy.0 = Release|Any CPU
		{3235678A-624C-40A7-9AF8-CB2B4CD46CEA}.Release|iPhone.ActiveCfg = Release|Any CPU
		{3235678A-624C-40A7-9AF8-CB2B4CD46CEA}.Release|iPhone.Build.0 = Release|Any CPU
		{3235678A-624C-40A7-9AF8-CB2B4CD46CEA}.Release|iPhone.Deploy.0 = Release|Any CPU
		{3235678A-624C-40A7-9AF8-CB2B4CD46CEA}.Release|iPhoneSimulator.ActiveCfg = Release|Any CPU
		{3235678A-624C-40A7-9AF8-CB2B4CD46CEA}.Release|iPhoneSimulator.Build.0 = Release|Any CPU
		{3235678A-624C-40A7-9AF8-CB2B4CD46CEA}.Release|iPhoneSimulator.Deploy.0 = Release|Any CPU
		{3235678A-624C-40A7-9AF8-CB2B4CD46CEA}.Release|x64.ActiveCfg = Release|Any CPU
		{3235678A-624C-40A7-9AF8-CB2B4CD46CEA}.Release|x64.Build.0 = Release|Any CPU
		{3235678A-624C-40A7-9AF8-CB2B4CD46CEA}.Release|x64.Deploy.0 = Release|Any CPU
		{3235678A-624C-40A7-9AF8-CB2B4CD46CEA}.Release|x86.ActiveCfg = Release|Any CPU
		{3235678A-624C-40A7-9AF8-CB2B4CD46CEA}.Release|x86.Build.0 = Release|Any CPU
		{3235678A-624C-40A7-9AF8-CB2B4CD46CEA}.Release|x86.Deploy.0 = Release|Any CPU
		{1D3F1B83-A09B-49E8-B417-ECF778910F3B}.Debug|Any CPU.ActiveCfg = Debug|iPhone
		{1D3F1B83-A09B-49E8-B417-ECF778910F3B}.Debug|ARM.ActiveCfg = Debug|iPhone
		{1D3F1B83-A09B-49E8-B417-ECF778910F3B}.Debug|iPhone.ActiveCfg = Debug|iPhone
		{1D3F1B83-A09B-49E8-B417-ECF778910F3B}.Debug|iPhone.Build.0 = Debug|iPhone
		{1D3F1B83-A09B-49E8-B417-ECF778910F3B}.Debug|iPhoneSimulator.ActiveCfg = Debug|iPhoneSimulator
		{1D3F1B83-A09B-49E8-B417-ECF778910F3B}.Debug|iPhoneSimulator.Build.0 = Debug|iPhoneSimulator
		{1D3F1B83-A09B-49E8-B417-ECF778910F3B}.Debug|x64.ActiveCfg = Debug|iPhone
		{1D3F1B83-A09B-49E8-B417-ECF778910F3B}.Debug|x86.ActiveCfg = Debug|iPhone
		{1D3F1B83-A09B-49E8-B417-ECF778910F3B}.Release|Any CPU.ActiveCfg = Release|iPhone
		{1D3F1B83-A09B-49E8-B417-ECF778910F3B}.Release|ARM.ActiveCfg = Release|iPhone
		{1D3F1B83-A09B-49E8-B417-ECF778910F3B}.Release|iPhone.ActiveCfg = Release|iPhone
		{1D3F1B83-A09B-49E8-B417-ECF778910F3B}.Release|iPhone.Build.0 = Release|iPhone
		{1D3F1B83-A09B-49E8-B417-ECF778910F3B}.Release|iPhoneSimulator.ActiveCfg = Release|iPhoneSimulator
		{1D3F1B83-A09B-49E8-B417-ECF778910F3B}.Release|iPhoneSimulator.Build.0 = Release|iPhoneSimulator
		{1D3F1B83-A09B-49E8-B417-ECF778910F3B}.Release|x64.ActiveCfg = Release|iPhone
		{1D3F1B83-A09B-49E8-B417-ECF778910F3B}.Release|x86.ActiveCfg = Release|iPhone
		{16848A00-F7D3-4328-B74F-0C1948406B4E}.Debug|Any CPU.ActiveCfg = Debug|Any CPU
		{16848A00-F7D3-4328-B74F-0C1948406B4E}.Debug|Any CPU.Build.0 = Debug|Any CPU
		{16848A00-F7D3-4328-B74F-0C1948406B4E}.Debug|ARM.ActiveCfg = Debug|Any CPU
		{16848A00-F7D3-4328-B74F-0C1948406B4E}.Debug|ARM.Build.0 = Debug|Any CPU
		{16848A00-F7D3-4328-B74F-0C1948406B4E}.Debug|iPhone.ActiveCfg = Debug|Any CPU
		{16848A00-F7D3-4328-B74F-0C1948406B4E}.Debug|iPhone.Build.0 = Debug|Any CPU
		{16848A00-F7D3-4328-B74F-0C1948406B4E}.Debug|iPhoneSimulator.ActiveCfg = Debug|Any CPU
		{16848A00-F7D3-4328-B74F-0C1948406B4E}.Debug|iPhoneSimulator.Build.0 = Debug|Any CPU
		{16848A00-F7D3-4328-B74F-0C1948406B4E}.Debug|x64.ActiveCfg = Debug|Any CPU
		{16848A00-F7D3-4328-B74F-0C1948406B4E}.Debug|x64.Build.0 = Debug|Any CPU
		{16848A00-F7D3-4328-B74F-0C1948406B4E}.Debug|x86.ActiveCfg = Debug|Any CPU
		{16848A00-F7D3-4328-B74F-0C1948406B4E}.Debug|x86.Build.0 = Debug|Any CPU
		{16848A00-F7D3-4328-B74F-0C1948406B4E}.Release|Any CPU.ActiveCfg = Release|Any CPU
		{16848A00-F7D3-4328-B74F-0C1948406B4E}.Release|Any CPU.Build.0 = Release|Any CPU
		{16848A00-F7D3-4328-B74F-0C1948406B4E}.Release|ARM.ActiveCfg = Release|Any CPU
		{16848A00-F7D3-4328-B74F-0C1948406B4E}.Release|ARM.Build.0 = Release|Any CPU
		{16848A00-F7D3-4328-B74F-0C1948406B4E}.Release|iPhone.ActiveCfg = Release|Any CPU
		{16848A00-F7D3-4328-B74F-0C1948406B4E}.Release|iPhone.Build.0 = Release|Any CPU
		{16848A00-F7D3-4328-B74F-0C1948406B4E}.Release|iPhoneSimulator.ActiveCfg = Release|Any CPU
		{16848A00-F7D3-4328-B74F-0C1948406B4E}.Release|iPhoneSimulator.Build.0 = Release|Any CPU
		{16848A00-F7D3-4328-B74F-0C1948406B4E}.Release|x64.ActiveCfg = Release|Any CPU
		{16848A00-F7D3-4328-B74F-0C1948406B4E}.Release|x64.Build.0 = Release|Any CPU
		{16848A00-F7D3-4328-B74F-0C1948406B4E}.Release|x86.ActiveCfg = Release|Any CPU
		{16848A00-F7D3-4328-B74F-0C1948406B4E}.Release|x86.Build.0 = Release|Any CPU
	EndGlobalSection
	GlobalSection(SolutionProperties) = preSolution
		HideSolutionNode = FALSE
	EndGlobalSection
	GlobalSection(ExtensibilityGlobals) = postSolution
		SolutionGuid = {48DB108D-AD90-4899-8278-C4B5C21B5B4E}
	EndGlobalSection
EndGlobal
